
Microsoft Visual Studio Solution File, Format Version 12.00
# Visual Studio Version 17
VisualStudioVersion = 17.4.33110.190
MinimumVisualStudioVersion = 10.0.40219.1
Project("{FAE04EC0-301F-11D3-BF4B-00C04F79EFBC}") = "PlutoTool", "PlutoTool.csproj", "{EAB73EE8-8229-4678-8285-F0DAD859690B}"
EndProject
Global
	GlobalSection(SolutionConfigurationPlatforms) = preSolution
		Debug|Any CPU = Debug|Any CPU
		Release|Any CPU = Release|Any CPU
	EndGlobalSection
	GlobalSection(ProjectConfigurationPlatforms) = postSolution
		{EAB73EE8-8229-4678-8285-F0DAD859690B}.Debug|Any CPU.ActiveCfg = Debug|Any CPU
		{EAB73EE8-8229-4678-8285-F0DAD859690B}.Debug|Any CPU.Build.0 = Debug|Any CPU
		{EAB73EE8-8229-4678-8285-F0DAD859690B}.Release|Any CPU.ActiveCfg = Release|Any CPU
		{EAB73EE8-8229-4678-8285-F0DAD859690B}.Release|Any CPU.Build.0 = Release|Any CPU
	EndGlobalSection
	GlobalSection(SolutionProperties) = preSolution
		HideSolutionNode = FALSE
	EndGlobalSection
	GlobalSection(ExtensibilityGlobals) = postSolution
		SolutionGuid = {769CC370-A6E7-4A15-A379-4DFC772AB75B}
	EndGlobalSection
EndGlobal
